
Microsoft Visual Studio Solution File, Format Version 12.00
# Visual Studio Version 17
VisualStudioVersion = 17.14.36518.9 d17.14
MinimumVisualStudioVersion = 10.0.40219.1
Project("{FAE04EC0-301F-11D3-BF4B-00C04F79EFBC}") = "SimulacaoAtendimentoBanco", "SimulacaoAtendimentoBanco\SimulacaoAtendimentoBanco.csproj", "{7F961191-4475-4260-83F5-46103EAA8664}"
EndProject
Global
	GlobalSection(SolutionConfigurationPlatforms) = preSolution
		Debug|Any CPU = Debug|Any CPU
		Release|Any CPU = Release|Any CPU
	EndGlobalSection
	GlobalSection(ProjectConfigurationPlatforms) = postSolution
		{7F961191-4475-4260-83F5-46103EAA8664}.Debug|Any CPU.ActiveCfg = Debug|Any CPU
		{7F961191-4475-4260-83F5-46103EAA8664}.Debug|Any CPU.Build.0 = Debug|Any CPU
		{7F961191-4475-4260-83F5-46103EAA8664}.Release|Any CPU.ActiveCfg = Release|Any CPU
		{7F961191-4475-4260-83F5-46103EAA8664}.Release|Any CPU.Build.0 = Release|Any CPU
	EndGlobalSection
	GlobalSection(SolutionProperties) = preSolution
		HideSolutionNode = FALSE
	EndGlobalSection
	GlobalSection(ExtensibilityGlobals) = postSolution
		SolutionGuid = {C3487CD2-4231-407F-9964-7CAE3DE95814}
	EndGlobalSection
EndGlobal
